
Microsoft Visual Studio Solution File, Format Version 12.00
# Visual Studio Version 16
VisualStudioVersion = 16.0.29709.97
MinimumVisualStudioVersion = 10.0.40219.1
Project("{FAE04EC0-301F-11D3-BF4B-00C04F79EFBC}") = "SmallCrm", "SmallCrm.csproj", "{95276360-CD0C-4DEE-BE69-B3761974778D}"
EndProject
Global
	GlobalSection(SolutionConfigurationPlatforms) = preSolution
		Debug|Any CPU = Debug|Any CPU
		Release|Any CPU = Release|Any CPU
	EndGlobalSection
	GlobalSection(ProjectConfigurationPlatforms) = postSolution
		{95276360-CD0C-4DEE-BE69-B3761974778D}.Debug|Any CPU.ActiveCfg = Debug|Any CPU
		{95276360-CD0C-4DEE-BE69-B3761974778D}.Debug|Any CPU.Build.0 = Debug|Any CPU
		{95276360-CD0C-4DEE-BE69-B3761974778D}.Release|Any CPU.ActiveCfg = Release|Any CPU
		{95276360-CD0C-4DEE-BE69-B3761974778D}.Release|Any CPU.Build.0 = Release|Any CPU
	EndGlobalSection
	GlobalSection(SolutionProperties) = preSolution
		HideSolutionNode = FALSE
	EndGlobalSection
	GlobalSection(ExtensibilityGlobals) = postSolution
		SolutionGuid = {F7221B28-A63B-49BA-9D83-055CC48CDC54}
	EndGlobalSection
EndGlobal
