
Microsoft Visual Studio Solution File, Format Version 12.00
# Visual Studio Version 16
VisualStudioVersion = 16.0.29709.97
MinimumVisualStudioVersion = 10.0.40219.1
Project("{FAE04EC0-301F-11D3-BF4B-00C04F79EFBC}") = "SmallCrm.Core", "SmallCrm.Core\SmallCrm.Core.csproj", "{AD37FAD4-B904-41D6-82B5-681FE555160F}"
EndProject
Project("{FAE04EC0-301F-11D3-BF4B-00C04F79EFBC}") = "SmallCrmConsole", "SmallCrmConsole\SmallCrmConsole.csproj", "{083DDD53-6441-40F8-B7D9-CB57368B0771}"
EndProject
Global
	GlobalSection(SolutionConfigurationPlatforms) = preSolution
		Debug|Any CPU = Debug|Any CPU
		Release|Any CPU = Release|Any CPU
	EndGlobalSection
	GlobalSection(ProjectConfigurationPlatforms) = postSolution
		{AD37FAD4-B904-41D6-82B5-681FE555160F}.Debug|Any CPU.ActiveCfg = Debug|Any CPU
		{AD37FAD4-B904-41D6-82B5-681FE555160F}.Debug|Any CPU.Build.0 = Debug|Any CPU
		{AD37FAD4-B904-41D6-82B5-681FE555160F}.Release|Any CPU.ActiveCfg = Release|Any CPU
		{AD37FAD4-B904-41D6-82B5-681FE555160F}.Release|Any CPU.Build.0 = Release|Any CPU
		{083DDD53-6441-40F8-B7D9-CB57368B0771}.Debug|Any CPU.ActiveCfg = Debug|Any CPU
		{083DDD53-6441-40F8-B7D9-CB57368B0771}.Debug|Any CPU.Build.0 = Debug|Any CPU
		{083DDD53-6441-40F8-B7D9-CB57368B0771}.Release|Any CPU.ActiveCfg = Release|Any CPU
		{083DDD53-6441-40F8-B7D9-CB57368B0771}.Release|Any CPU.Build.0 = Release|Any CPU
	EndGlobalSection
	GlobalSection(SolutionProperties) = preSolution
		HideSolutionNode = FALSE
	EndGlobalSection
	GlobalSection(ExtensibilityGlobals) = postSolution
		SolutionGuid = {F7221B28-A63B-49BA-9D83-055CC48CDC54}
	EndGlobalSection
EndGlobal
